
Microsoft Visual Studio Solution File, Format Version 12.00
# Visual Studio 2015
Project("{FAE04EC0-301F-11D3-BF4B-00C04F79EFBC}") = "femuse", "femuse.csproj", "{A5875301-82B9-7587-C6C6-841E5D036CC0}"
EndProject
Global
	GlobalSection(SolutionConfigurationPlatforms) = preSolution
		Debug|Any CPU = Debug|Any CPU
		Release|Any CPU = Release|Any CPU
	EndGlobalSection
	GlobalSection(ProjectConfigurationPlatforms) = postSolution
		{A5875301-82B9-7587-C6C6-841E5D036CC0}.Debug|Any CPU.ActiveCfg = Debug|Any CPU
		{A5875301-82B9-7587-C6C6-841E5D036CC0}.Debug|Any CPU.Build.0 = Debug|Any CPU
		{A5875301-82B9-7587-C6C6-841E5D036CC0}.Release|Any CPU.ActiveCfg = Release|Any CPU
		{A5875301-82B9-7587-C6C6-841E5D036CC0}.Release|Any CPU.Build.0 = Release|Any CPU
	EndGlobalSection
	GlobalSection(SolutionProperties) = preSolution
		HideSolutionNode = FALSE
	EndGlobalSection
EndGlobal
